
Microsoft Visual Studio Solution File, Format Version 12.00
# Visual Studio Version 17
VisualStudioVersion = 17.3.32825.248
MinimumVisualStudioVersion = 10.0.40219.1
Project("{9A19103F-16F7-4668-BE54-9A1E7A4F7556}") = "EnergyApi2", "EnergyApi2\EnergyApi2.csproj", "{23ACB430-9CFD-49F3-934A-F8E2CA8B3528}"
EndProject
Global
	GlobalSection(SolutionConfigurationPlatforms) = preSolution
		Debug|Any CPU = Debug|Any CPU
		Release|Any CPU = Release|Any CPU
	EndGlobalSection
	GlobalSection(ProjectConfigurationPlatforms) = postSolution
		{23ACB430-9CFD-49F3-934A-F8E2CA8B3528}.Debug|Any CPU.ActiveCfg = Debug|Any CPU
		{23ACB430-9CFD-49F3-934A-F8E2CA8B3528}.Debug|Any CPU.Build.0 = Debug|Any CPU
		{23ACB430-9CFD-49F3-934A-F8E2CA8B3528}.Release|Any CPU.ActiveCfg = Release|Any CPU
		{23ACB430-9CFD-49F3-934A-F8E2CA8B3528}.Release|Any CPU.Build.0 = Release|Any CPU
	EndGlobalSection
	GlobalSection(SolutionProperties) = preSolution
		HideSolutionNode = FALSE
	EndGlobalSection
	GlobalSection(ExtensibilityGlobals) = postSolution
		SolutionGuid = {CD5F7186-0938-4CA1-A5E6-B825A63CF5B0}
	EndGlobalSection
EndGlobal
